// !$*UTF8*$!
{
	archiveVersion = 1;
	classes = {
	};
	objectVersion = 46;
	objects = {

/* Begin PBXBuildFile section */
		A0910DF815AC25E1002D6835 /* UIKit.framework in Frameworks */ = {isa = PBXBuildFile; fileRef = A0910DF715AC25E1002D6835 /* UIKit.framework */; };
		A0910DFA15AC25E1002D6835 /* Foundation.framework in Frameworks */ = {isa = PBXBuildFile; fileRef = A0910DF915AC25E1002D6835 /* Foundation.framework */; };
		A0910DFC15AC25E1002D6835 /* CoreGraphics.framework in Frameworks */ = {isa = PBXBuildFile; fileRef = A0910DFB15AC25E1002D6835 /* CoreGraphics.framework */; };
		A0910E0215AC25E1002D6835 /* InfoPlist.strings in Resources */ = {isa = PBXBuildFile; fileRef = A0910E0015AC25E1002D6835 /* InfoPlist.strings */; };
		A0910E0415AC25E1002D6835 /* main.m in Sources */ = {isa = PBXBuildFile; fileRef = A0910E0315AC25E1002D6835 /* main.m */; };
		A0910E0815AC25E1002D6835 /* AppDelegate.m in Sources */ = {isa = PBXBuildFile; fileRef = A0910E0715AC25E1002D6835 /* AppDelegate.m */; };
		A0910E1715AC3381002D6835 /* Localizable.strings in Resources */ = {isa = PBXBuildFile; fileRef = A0910E1615AC3381002D6835 /* Localizable.strings */; };
		A0910E1B15AC3525002D6835 /* AudioToolbox.framework in Frameworks */ = {isa = PBXBuildFile; fileRef = A0910E1915AC3525002D6835 /* AudioToolbox.framework */; };
		A0910E1C15AC3525002D6835 /* AVFoundation.framework in Frameworks */ = {isa = PBXBuildFile; fileRef = A0910E1A15AC3525002D6835 /* AVFoundation.framework */; };
		A0910E1E15AC352E002D6835 /* QuartzCore.framework in Frameworks */ = {isa = PBXBuildFile; fileRef = A0910E1D15AC352E002D6835 /* QuartzCore.framework */; };
		A09A24DB15AD2EFC0047C5D1 /* loading.png in Resources */ = {isa = PBXBuildFile; fileRef = A09A24DA15AD2EFC0047C5D1 /* loading.png */; };
		A0AE1E1915AE9F3700CA9679 /* libSQLibs.a in Frameworks */ = {isa = PBXBuildFile; fileRef = A0AE1E1815AE9F3700CA9679 /* libSQLibs.a */; };
/* End PBXBuildFile section */

/* Begin PBXFileReference section */
		A0910DF315AC25E1002D6835 /* test_CustomViews.app */ = {isa = PBXFileReference; explicitFileType = wrapper.application; includeInIndex = 0; path = test_CustomViews.app; sourceTree = BUILT_PRODUCTS_DIR; };
		A0910DF715AC25E1002D6835 /* UIKit.framework */ = {isa = PBXFileReference; lastKnownFileType = wrapper.framework; name = UIKit.framework; path = System/Library/Frameworks/UIKit.framework; sourceTree = SDKROOT; };
		A0910DF915AC25E1002D6835 /* Foundation.framework */ = {isa = PBXFileReference; lastKnownFileType = wrapper.framework; name = Foundation.framework; path = System/Library/Frameworks/Foundation.framework; sourceTree = SDKROOT; };
		A0910DFB15AC25E1002D6835 /* CoreGraphics.framework */ = {isa = PBXFileReference; lastKnownFileType = wrapper.framework; name = CoreGraphics.framework; path = System/Library/Frameworks/CoreGraphics.framework; sourceTree = SDKROOT; };
		A0910DFF15AC25E1002D6835 /* test_CustomViews-Info.plist */ = {isa = PBXFileReference; lastKnownFileType = text.plist.xml; path = "test_CustomViews-Info.plist"; sourceTree = "<group>"; };
		A0910E0115AC25E1002D6835 /* en */ = {isa = PBXFileReference; lastKnownFileType = text.plist.strings; name = en; path = en.lproj/InfoPlist.strings; sourceTree = "<group>"; };
		A0910E0315AC25E1002D6835 /* main.m */ = {isa = PBXFileReference; lastKnownFileType = sourcecode.c.objc; path = main.m; sourceTree = "<group>"; };
		A0910E0515AC25E1002D6835 /* test_CustomViews-Prefix.pch */ = {isa = PBXFileReference; lastKnownFileType = sourcecode.c.h; path = "test_CustomViews-Prefix.pch"; sourceTree = "<group>"; };
		A0910E0615AC25E1002D6835 /* AppDelegate.h */ = {isa = PBXFileReference; lastKnownFileType = sourcecode.c.h; path = AppDelegate.h; sourceTree = "<group>"; };
		A0910E0715AC25E1002D6835 /* AppDelegate.m */ = {isa = PBXFileReference; lastKnownFileType = sourcecode.c.objc; path = AppDelegate.m; sourceTree = "<group>"; };
		A0910E1615AC3381002D6835 /* Localizable.strings */ = {isa = PBXFileReference; fileEncoding = 4; lastKnownFileType = text.plist.strings; name = Localizable.strings; path = test_CustomViews/Resources/Localizable.strings; sourceTree = "<group>"; };
		A0910E1915AC3525002D6835 /* AudioToolbox.framework */ = {isa = PBXFileReference; lastKnownFileType = wrapper.framework; name = AudioToolbox.framework; path = System/Library/Frameworks/AudioToolbox.framework; sourceTree = SDKROOT; };
		A0910E1A15AC3525002D6835 /* AVFoundation.framework */ = {isa = PBXFileReference; lastKnownFileType = wrapper.framework; name = AVFoundation.framework; path = System/Library/Frameworks/AVFoundation.framework; sourceTree = SDKROOT; };
		A0910E1D15AC352E002D6835 /* QuartzCore.framework */ = {isa = PBXFileReference; lastKnownFileType = wrapper.framework; name = QuartzCore.framework; path = System/Library/Frameworks/QuartzCore.framework; sourceTree = SDKROOT; };
		A09A24DA15AD2EFC0047C5D1 /* loading.png */ = {isa = PBXFileReference; lastKnownFileType = image.png; name = loading.png; path = test_CustomViews/Resources/loading.png; sourceTree = "<group>"; };
		A0AE1E1815AE9F3700CA9679 /* libSQLibs.a */ = {isa = PBXFileReference; lastKnownFileType = archive.ar; name = libSQLibs.a; path = "/Users/shjborage/Library/Developer/Xcode/DerivedData/SQLibs_Samples-cbqzimqmpzuyupfrfllyspqbtyja/Build/Products/Debug-iphoneos/libSQLibs.a"; sourceTree = "<absolute>"; };
/* End PBXFileReference section */

/* Begin PBXFrameworksBuildPhase section */
		A0910DF015AC25E1002D6835 /* Frameworks */ = {
			isa = PBXFrameworksBuildPhase;
			buildActionMask = 2147483647;
			files = (
				A0AE1E1915AE9F3700CA9679 /* libSQLibs.a in Frameworks */,
				A0910E1E15AC352E002D6835 /* QuartzCore.framework in Frameworks */,
				A0910E1B15AC3525002D6835 /* AudioToolbox.framework in Frameworks */,
				A0910E1C15AC3525002D6835 /* AVFoundation.framework in Frameworks */,
				A0910DF815AC25E1002D6835 /* UIKit.framework in Frameworks */,
				A0910DFA15AC25E1002D6835 /* Foundation.framework in Frameworks */,
				A0910DFC15AC25E1002D6835 /* CoreGraphics.framework in Frameworks */,
			);
			runOnlyForDeploymentPostprocessing = 0;
		};
/* End PBXFrameworksBuildPhase section */

/* Begin PBXGroup section */
		A0910DE815AC25E1002D6835 = {
			isa = PBXGroup;
			children = (
				A0910DFD15AC25E1002D6835 /* test_CustomViews */,
				A0910DF615AC25E1002D6835 /* Frameworks */,
				A0910E1815AC3387002D6835 /* Resources */,
				A0910DF415AC25E1002D6835 /* Products */,
			);
			sourceTree = "<group>";
		};
		A0910DF415AC25E1002D6835 /* Products */ = {
			isa = PBXGroup;
			children = (
				A0910DF315AC25E1002D6835 /* test_CustomViews.app */,
			);
			name = Products;
			sourceTree = "<group>";
		};
		A0910DF615AC25E1002D6835 /* Frameworks */ = {
			isa = PBXGroup;
			children = (
				A0AE1E1815AE9F3700CA9679 /* libSQLibs.a */,
				A0910E1D15AC352E002D6835 /* QuartzCore.framework */,
				A0910E1915AC3525002D6835 /* AudioToolbox.framework */,
				A0910E1A15AC3525002D6835 /* AVFoundation.framework */,
				A0910DF715AC25E1002D6835 /* UIKit.framework */,
				A0910DF915AC25E1002D6835 /* Foundation.framework */,
				A0910DFB15AC25E1002D6835 /* CoreGraphics.framework */,
			);
			name = Frameworks;
			sourceTree = "<group>";
		};
		A0910DFD15AC25E1002D6835 /* test_CustomViews */ = {
			isa = PBXGroup;
			children = (
				A0910E0615AC25E1002D6835 /* AppDelegate.h */,
				A0910E0715AC25E1002D6835 /* AppDelegate.m */,
				A0910DFE15AC25E1002D6835 /* Supporting Files */,
			);
			path = test_CustomViews;
			sourceTree = "<group>";
		};
		A0910DFE15AC25E1002D6835 /* Supporting Files */ = {
			isa = PBXGroup;
			children = (
				A0910DFF15AC25E1002D6835 /* test_CustomViews-Info.plist */,
				A0910E0015AC25E1002D6835 /* InfoPlist.strings */,
				A0910E0315AC25E1002D6835 /* main.m */,
				A0910E0515AC25E1002D6835 /* test_CustomViews-Prefix.pch */,
			);
			name = "Supporting Files";
			sourceTree = "<group>";
		};
		A0910E1815AC3387002D6835 /* Resources */ = {
			isa = PBXGroup;
			children = (
				A09A24DA15AD2EFC0047C5D1 /* loading.png */,
				A0910E1615AC3381002D6835 /* Localizable.strings */,
			);
			name = Resources;
			sourceTree = "<group>";
		};
/* End PBXGroup section */

/* Begin PBXNativeTarget section */
		A0910DF215AC25E1002D6835 /* test_CustomViews */ = {
			isa = PBXNativeTarget;
			buildConfigurationList = A0910E0B15AC25E1002D6835 /* Build configuration list for PBXNativeTarget "test_CustomViews" */;
			buildPhases = (
				A0910DEF15AC25E1002D6835 /* Sources */,
				A0910DF015AC25E1002D6835 /* Frameworks */,
				A0910DF115AC25E1002D6835 /* Resources */,
			);
			buildRules = (
			);
			dependencies = (
			);
			name = test_CustomViews;
			productName = test_CustomViews;
			productReference = A0910DF315AC25E1002D6835 /* test_CustomViews.app */;
			productType = "com.apple.product-type.application";
		};
/* End PBXNativeTarget section */

/* Begin PBXProject section */
		A0910DEA15AC25E1002D6835 /* Project object */ = {
			isa = PBXProject;
			attributes = {
				LastUpgradeCheck = 0430;
				ORGANIZATIONNAME = "Safe&Quick[http://blog.sina.com.cn/shjborage]";
			};
			buildConfigurationList = A0910DED15AC25E1002D6835 /* Build configuration list for PBXProject "test_CustomViews" */;
			compatibilityVersion = "Xcode 3.2";
			developmentRegion = English;
			hasScannedForEncodings = 0;
			knownRegions = (
				en,
			);
			mainGroup = A0910DE815AC25E1002D6835;
			productRefGroup = A0910DF415AC25E1002D6835 /* Products */;
			projectDirPath = "";
			projectRoot = "";
			targets = (
				A0910DF215AC25E1002D6835 /* test_CustomViews */,
			);
		};
/* End PBXProject section */

/* Begin PBXResourcesBuildPhase section */
		A0910DF115AC25E1002D6835 /* Resources */ = {
			isa = PBXResourcesBuildPhase;
			buildActionMask = 2147483647;
			files = (
				A0910E0215AC25E1002D6835 /* InfoPlist.strings in Resources */,
				A0910E1715AC3381002D6835 /* Localizable.strings in Resources */,
				A09A24DB15AD2EFC0047C5D1 /* loading.png in Resources */,
			);
			runOnlyForDeploymentPostprocessing = 0;
		};
/* End PBXResourcesBuildPhase section */

/* Begin PBXSourcesBuildPhase section */
		A0910DEF15AC25E1002D6835 /* Sources */ = {
			isa = PBXSourcesBuildPhase;
			buildActionMask = 2147483647;
			files = (
				A0910E0415AC25E1002D6835 /* main.m in Sources */,
				A0910E0815AC25E1002D6835 /* AppDelegate.m in Sources */,
			);
			runOnlyForDeploymentPostprocessing = 0;
		};
/* End PBXSourcesBuildPhase section */

/* Begin PBXVariantGroup section */
		A0910E0015AC25E1002D6835 /* InfoPlist.strings */ = {
			isa = PBXVariantGroup;
			children = (
				A0910E0115AC25E1002D6835 /* en */,
			);
			name = InfoPlist.strings;
			sourceTree = "<group>";
		};
/* End PBXVariantGroup section */

/* Begin XCBuildConfiguration section */
		A0910E0915AC25E1002D6835 /* Debug */ = {
			isa = XCBuildConfiguration;
			buildSettings = {
				ALWAYS_SEARCH_USER_PATHS = NO;
				ARCHS = "$(ARCHS_STANDARD_32_BIT)";
				"CODE_SIGN_IDENTITY[sdk=iphoneos*]" = "iPhone Developer";
				COPY_PHASE_STRIP = NO;
				GCC_C_LANGUAGE_STANDARD = gnu99;
				GCC_DYNAMIC_NO_PIC = NO;
				GCC_OPTIMIZATION_LEVEL = 0;
				GCC_PREPROCESSOR_DEFINITIONS = (
					"DEBUG=1",
					"$(inherited)",
				);
				GCC_SYMBOLS_PRIVATE_EXTERN = NO;
				GCC_VERSION = com.apple.compilers.llvm.clang.1_0;
				GCC_WARN_ABOUT_RETURN_TYPE = YES;
				GCC_WARN_UNINITIALIZED_AUTOS = YES;
				GCC_WARN_UNUSED_VARIABLE = YES;
				IPHONEOS_DEPLOYMENT_TARGET = 4.0;
				SDKROOT = iphoneos;
				TARGETED_DEVICE_FAMILY = "1,2";
			};
			name = Debug;
		};
		A0910E0A15AC25E1002D6835 /* Release */ = {
			isa = XCBuildConfiguration;
			buildSettings = {
				ALWAYS_SEARCH_USER_PATHS = NO;
				ARCHS = "$(ARCHS_STANDARD_32_BIT)";
				"CODE_SIGN_IDENTITY[sdk=iphoneos*]" = "iPhone Developer";
				COPY_PHASE_STRIP = YES;
				GCC_C_LANGUAGE_STANDARD = gnu99;
				GCC_VERSION = com.apple.compilers.llvm.clang.1_0;
				GCC_WARN_ABOUT_RETURN_TYPE = YES;
				GCC_WARN_UNINITIALIZED_AUTOS = YES;
				GCC_WARN_UNUSED_VARIABLE = YES;
				IPHONEOS_DEPLOYMENT_TARGET = 4.0;
				OTHER_CFLAGS = "-DNS_BLOCK_ASSERTIONS=1";
				SDKROOT = iphoneos;
				TARGETED_DEVICE_FAMILY = "1,2";
				VALIDATE_PRODUCT = YES;
			};
			name = Release;
		};
		A0910E0C15AC25E1002D6835 /* Debug */ = {
			isa = XCBuildConfiguration;
			buildSettings = {
				GCC_PRECOMPILE_PREFIX_HEADER = YES;
				GCC_PREFIX_HEADER = "test_CustomViews/test_CustomViews-Prefix.pch";
				HEADER_SEARCH_PATHS = "$(SRCROOT)/../../**";
				INFOPLIST_FILE = "test_CustomViews/test_CustomViews-Info.plist";
				LIBRARY_SEARCH_PATHS = (
					"$(inherited)",
					"\"/Users/shjborage/Library/Developer/Xcode/DerivedData/SQLibs_Samples-cbqzimqmpzuyupfrfllyspqbtyja/Build/Products/Debug-iphoneos\"",
				);
				OTHER_LDFLAGS = "-ObjC";
				PRODUCT_NAME = "$(TARGET_NAME)";
				WRAPPER_EXTENSION = app;
			};
			name = Debug;
		};
		A0910E0D15AC25E1002D6835 /* Release */ = {
			isa = XCBuildConfiguration;
			buildSettings = {
				GCC_PRECOMPILE_PREFIX_HEADER = YES;
				GCC_PREFIX_HEADER = "test_CustomViews/test_CustomViews-Prefix.pch";
				HEADER_SEARCH_PATHS = "$(SRCROOT)/../../**";
				INFOPLIST_FILE = "test_CustomViews/test_CustomViews-Info.plist";
				LIBRARY_SEARCH_PATHS = (
					"$(inherited)",
					"\"/Users/shjborage/Library/Developer/Xcode/DerivedData/SQLibs_Samples-cbqzimqmpzuyupfrfllyspqbtyja/Build/Products/Debug-iphoneos\"",
				);
				OTHER_LDFLAGS = "-ObjC";
				PRODUCT_NAME = "$(TARGET_NAME)";
				WRAPPER_EXTENSION = app;
			};
			name = Release;
		};
/* End XCBuildConfiguration section */

/* Begin XCConfigurationList section */
		A0910DED15AC25E1002D6835 /* Build configuration list for PBXProject "test_CustomViews" */ = {
			isa = XCConfigurationList;
			buildConfigurations = (
				A0910E0915AC25E1002D6835 /* Debug */,
				A0910E0A15AC25E1002D6835 /* Release */,
			);
			defaultConfigurationIsVisible = 0;
			defaultConfigurationName = Release;
		};
		A0910E0B15AC25E1002D6835 /* Build configuration list for PBXNativeTarget "test_CustomViews" */ = {
			isa = XCConfigurationList;
			buildConfigurations = (
				A0910E0C15AC25E1002D6835 /* Debug */,
				A0910E0D15AC25E1002D6835 /* Release */,
			);
			defaultConfigurationIsVisible = 0;
			defaultConfigurationName = Release;
		};
/* End XCConfigurationList section */
	};
	rootObject = A0910DEA15AC25E1002D6835 /* Project object */;
}
